
Microsoft Visual Studio Solution File, Format Version 12.00
# Visual Studio Version 17
VisualStudioVersion = 17.3.32819.101
MinimumVisualStudioVersion = 10.0.40219.1
Project("{9A19103F-16F7-4668-BE54-9A1E7A4F7556}") = "KeyVault", "BA_Project\KeyVault.csproj", "{0781CE0C-368F-4C1B-9272-57D9865B9907}"
EndProject
Global
	GlobalSection(SolutionConfigurationPlatforms) = preSolution
		Debug|Any CPU = Debug|Any CPU
		Release|Any CPU = Release|Any CPU
	EndGlobalSection
	GlobalSection(ProjectConfigurationPlatforms) = postSolution
		{0781CE0C-368F-4C1B-9272-57D9865B9907}.Debug|Any CPU.ActiveCfg = Debug|Any CPU
		{0781CE0C-368F-4C1B-9272-57D9865B9907}.Debug|Any CPU.Build.0 = Debug|Any CPU
		{0781CE0C-368F-4C1B-9272-57D9865B9907}.Release|Any CPU.ActiveCfg = Release|Any CPU
		{0781CE0C-368F-4C1B-9272-57D9865B9907}.Release|Any CPU.Build.0 = Release|Any CPU
	EndGlobalSection
	GlobalSection(SolutionProperties) = preSolution
		HideSolutionNode = FALSE
	EndGlobalSection
	GlobalSection(ExtensibilityGlobals) = postSolution
		SolutionGuid = {A8971D00-F926-457A-B0AB-0193370545C5}
	EndGlobalSection
EndGlobal
